
Microsoft Visual Studio Solution File, Format Version 12.00
# Visual Studio Version 17
VisualStudioVersion = 17.8.34205.153
MinimumVisualStudioVersion = 10.0.40219.1
Project("{9A19103F-16F7-4668-BE54-9A1E7A4F7556}") = "ThinkLogic.UI", "ThinkLogic.UI\ThinkLogic.UI.csproj", "{584E9DB0-120A-484B-8CD5-25DB71E06BAB}"
EndProject
Project("{9A19103F-16F7-4668-BE54-9A1E7A4F7556}") = "ThinkLogic.Common", "ThinkLogic.Common\ThinkLogic.Common.csproj", "{CC6ACBC1-8360-4538-A11C-D970620A614D}"
EndProject
Global
	GlobalSection(SolutionConfigurationPlatforms) = preSolution
		Debug|Any CPU = Debug|Any CPU
		Release|Any CPU = Release|Any CPU
	EndGlobalSection
	GlobalSection(ProjectConfigurationPlatforms) = postSolution
		{584E9DB0-120A-484B-8CD5-25DB71E06BAB}.Debug|Any CPU.ActiveCfg = Debug|Any CPU
		{584E9DB0-120A-484B-8CD5-25DB71E06BAB}.Debug|Any CPU.Build.0 = Debug|Any CPU
		{584E9DB0-120A-484B-8CD5-25DB71E06BAB}.Release|Any CPU.ActiveCfg = Release|Any CPU
		{584E9DB0-120A-484B-8CD5-25DB71E06BAB}.Release|Any CPU.Build.0 = Release|Any CPU
		{CC6ACBC1-8360-4538-A11C-D970620A614D}.Debug|Any CPU.ActiveCfg = Debug|Any CPU
		{CC6ACBC1-8360-4538-A11C-D970620A614D}.Debug|Any CPU.Build.0 = Debug|Any CPU
		{CC6ACBC1-8360-4538-A11C-D970620A614D}.Release|Any CPU.ActiveCfg = Release|Any CPU
		{CC6ACBC1-8360-4538-A11C-D970620A614D}.Release|Any CPU.Build.0 = Release|Any CPU
	EndGlobalSection
	GlobalSection(SolutionProperties) = preSolution
		HideSolutionNode = FALSE
	EndGlobalSection
	GlobalSection(ExtensibilityGlobals) = postSolution
		SolutionGuid = {73734E41-9410-4303-9BBF-544044CA63DF}
	EndGlobalSection
EndGlobal
